
Microsoft Visual Studio Solution File, Format Version 12.00
# Visual Studio Version 17
VisualStudioVersion = 17.5.002.0
MinimumVisualStudioVersion = 10.0.40219.1
Project("{9A19103F-16F7-4668-BE54-9A1E7A4F7556}") = "Agencia", "Agencia.csproj", "{B1B73677-2D9E-453D-99D8-9F28E63E533E}"
EndProject
Global
	GlobalSection(SolutionConfigurationPlatforms) = preSolution
		Debug|Any CPU = Debug|Any CPU
		Release|Any CPU = Release|Any CPU
	EndGlobalSection
	GlobalSection(ProjectConfigurationPlatforms) = postSolution
		{B1B73677-2D9E-453D-99D8-9F28E63E533E}.Debug|Any CPU.ActiveCfg = Debug|Any CPU
		{B1B73677-2D9E-453D-99D8-9F28E63E533E}.Debug|Any CPU.Build.0 = Debug|Any CPU
		{B1B73677-2D9E-453D-99D8-9F28E63E533E}.Release|Any CPU.ActiveCfg = Release|Any CPU
		{B1B73677-2D9E-453D-99D8-9F28E63E533E}.Release|Any CPU.Build.0 = Release|Any CPU
	EndGlobalSection
	GlobalSection(SolutionProperties) = preSolution
		HideSolutionNode = FALSE
	EndGlobalSection
	GlobalSection(ExtensibilityGlobals) = postSolution
		SolutionGuid = {E87159F7-288C-4CF4-90C9-2D4F8F2538A4}
	EndGlobalSection
EndGlobal
